
Microsoft Visual Studio Solution File, Format Version 12.00
# Visual Studio Version 17
VisualStudioVersion = 17.2.32505.173
MinimumVisualStudioVersion = 10.0.40219.1
Project("{FAE04EC0-301F-11D3-BF4B-00C04F79EFBC}") = "ScrumBoard.Authorization", "ScrumBoard.Authorization\ScrumBoard.Authorization.csproj", "{2FCBB4D1-FB43-4171-86B8-5F9D1FFE047C}"
EndProject
Project("{9A19103F-16F7-4668-BE54-9A1E7A4F7556}") = "ScrumBoard.Common", "..\ScrumBoard.Common\ScrumBoard.Common\ScrumBoard.Common.csproj", "{7F31BCE5-8635-4DE5-B018-DD1A771D7CE7}"
EndProject
Global
	GlobalSection(SolutionConfigurationPlatforms) = preSolution
		Debug|Any CPU = Debug|Any CPU
		Release|Any CPU = Release|Any CPU
	EndGlobalSection
	GlobalSection(ProjectConfigurationPlatforms) = postSolution
		{2FCBB4D1-FB43-4171-86B8-5F9D1FFE047C}.Debug|Any CPU.ActiveCfg = Debug|Any CPU
		{2FCBB4D1-FB43-4171-86B8-5F9D1FFE047C}.Debug|Any CPU.Build.0 = Debug|Any CPU
		{2FCBB4D1-FB43-4171-86B8-5F9D1FFE047C}.Release|Any CPU.ActiveCfg = Release|Any CPU
		{2FCBB4D1-FB43-4171-86B8-5F9D1FFE047C}.Release|Any CPU.Build.0 = Release|Any CPU
		{7F31BCE5-8635-4DE5-B018-DD1A771D7CE7}.Debug|Any CPU.ActiveCfg = Debug|Any CPU
		{7F31BCE5-8635-4DE5-B018-DD1A771D7CE7}.Debug|Any CPU.Build.0 = Debug|Any CPU
		{7F31BCE5-8635-4DE5-B018-DD1A771D7CE7}.Release|Any CPU.ActiveCfg = Release|Any CPU
		{7F31BCE5-8635-4DE5-B018-DD1A771D7CE7}.Release|Any CPU.Build.0 = Release|Any CPU
	EndGlobalSection
	GlobalSection(SolutionProperties) = preSolution
		HideSolutionNode = FALSE
	EndGlobalSection
	GlobalSection(ExtensibilityGlobals) = postSolution
		SolutionGuid = {6FFE7DBD-56A7-4C68-8046-BE3E3317385F}
	EndGlobalSection
EndGlobal
